{
  "name": "@timmy/lane-rive",
  "version": "0.1.0",
  "lockfileVersion": 3,
  "requires": true,
  "packages": {
    "": {
      "name": "@timmy/lane-rive",
      "version": "0.1.0",
      "dependencies": {
        "@rive-app/canvas-advanced": "2.42.0"
      }
    },
    "node_modules/@rive-app/canvas-advanced": {
      "version": "2.42.0",
      "resolved": "https://registry.npmjs.org/@rive-app/canvas-advanced/-/canvas-advanced-2.42.0.tgz",
      "integrity": "sha512-M0UAaP9IYaxqKjlxW/1RK5dctAX2GodPX+OOmDQEVRb9BZ42R3/ATId0GanSWoq/2kDHFd8rphiFWya++xp3Ww==",
      "license": "MIT"
    }
  }
}
